
Microsoft Visual Studio Solution File, Format Version 12.00
# Visual Studio Version 17
VisualStudioVersion = 17.4.33122.133
MinimumVisualStudioVersion = 10.0.40219.1
Project("{FAE04EC0-301F-11D3-BF4B-00C04F79EFBC}") = "Homework_Cargo", "Homework_Cargo\Homework_Cargo.csproj", "{06C32BEA-24C2-4AE8-AB05-98319DF01D5A}"
EndProject
Global
	GlobalSection(SolutionConfigurationPlatforms) = preSolution
		Debug|Any CPU = Debug|Any CPU
		Release|Any CPU = Release|Any CPU
	EndGlobalSection
	GlobalSection(ProjectConfigurationPlatforms) = postSolution
		{06C32BEA-24C2-4AE8-AB05-98319DF01D5A}.Debug|Any CPU.ActiveCfg = Debug|Any CPU
		{06C32BEA-24C2-4AE8-AB05-98319DF01D5A}.Debug|Any CPU.Build.0 = Debug|Any CPU
		{06C32BEA-24C2-4AE8-AB05-98319DF01D5A}.Release|Any CPU.ActiveCfg = Release|Any CPU
		{06C32BEA-24C2-4AE8-AB05-98319DF01D5A}.Release|Any CPU.Build.0 = Release|Any CPU
	EndGlobalSection
	GlobalSection(SolutionProperties) = preSolution
		HideSolutionNode = FALSE
	EndGlobalSection
	GlobalSection(ExtensibilityGlobals) = postSolution
		SolutionGuid = {7CAAC70F-AEFE-4131-8122-E9E413154CEA}
	EndGlobalSection
EndGlobal
